
Microsoft Visual Studio Solution File, Format Version 12.00
# Visual Studio 15
VisualStudioVersion = 15.0.28307.960
MinimumVisualStudioVersion = 10.0.40219.1
Project("{FAE04EC0-301F-11D3-BF4B-00C04F79EFBC}") = "PrimeTest", "PrimeTest\PrimeTest.csproj", "{DDBEB34F-F90B-43BC-AA16-D0C64BD8AAD5}"
EndProject
Global
	GlobalSection(SolutionConfigurationPlatforms) = preSolution
		Debug|Any CPU = Debug|Any CPU
		Release|Any CPU = Release|Any CPU
	EndGlobalSection
	GlobalSection(ProjectConfigurationPlatforms) = postSolution
		{DDBEB34F-F90B-43BC-AA16-D0C64BD8AAD5}.Debug|Any CPU.ActiveCfg = Debug|Any CPU
		{DDBEB34F-F90B-43BC-AA16-D0C64BD8AAD5}.Debug|Any CPU.Build.0 = Debug|Any CPU
		{DDBEB34F-F90B-43BC-AA16-D0C64BD8AAD5}.Release|Any CPU.ActiveCfg = Release|Any CPU
		{DDBEB34F-F90B-43BC-AA16-D0C64BD8AAD5}.Release|Any CPU.Build.0 = Release|Any CPU
	EndGlobalSection
	GlobalSection(SolutionProperties) = preSolution
		HideSolutionNode = FALSE
	EndGlobalSection
	GlobalSection(ExtensibilityGlobals) = postSolution
		SolutionGuid = {9C6D472B-7202-4746-9C8B-D37DCBD959DA}
	EndGlobalSection
EndGlobal
